
Microsoft Visual Studio Solution File, Format Version 12.00
# Visual Studio 2012
Project("{FAE04EC0-301F-11D3-BF4B-00C04F79EFBC}") = "ProjectReleaseSys", "ProjectReleaseSys\ProjectReleaseSys.csproj", "{964A609E-2E04-45E4-9CF6-DC520994BAB7}"
EndProject
Project("{FAE04EC0-301F-11D3-BF4B-00C04F79EFBC}") = "ADL", "ADL\ADL.csproj", "{11D8108B-ABB4-45AC-AF03-BF3633EC694E}"
EndProject
Project("{FAE04EC0-301F-11D3-BF4B-00C04F79EFBC}") = "BLL", "BLL\BLL.csproj", "{F9CEDAF4-A2BF-4A57-9741-04D2B7BCDD41}"
EndProject
Project("{FAE04EC0-301F-11D3-BF4B-00C04F79EFBC}") = "Model", "Model\Model.csproj", "{834FFAF8-20CC-44DE-9316-7386A780442B}"
EndProject
Project("{6141683F-8A12-4E36-9623-2EB02B2C2303}") = "rmbSys", "rmbSys\rmbSys.isproj", "{72BE2B3A-8567-4276-97C8-4E2E8F986D1B}"
	ProjectSection(ProjectDependencies) = postProject
		{11D8108B-ABB4-45AC-AF03-BF3633EC694E} = {11D8108B-ABB4-45AC-AF03-BF3633EC694E}
		{964A609E-2E04-45E4-9CF6-DC520994BAB7} = {964A609E-2E04-45E4-9CF6-DC520994BAB7}
		{F9CEDAF4-A2BF-4A57-9741-04D2B7BCDD41} = {F9CEDAF4-A2BF-4A57-9741-04D2B7BCDD41}
		{834FFAF8-20CC-44DE-9316-7386A780442B} = {834FFAF8-20CC-44DE-9316-7386A780442B}
	EndProjectSection
EndProject
Global
	GlobalSection(SolutionConfigurationPlatforms) = preSolution
		CD_ROM|Any CPU = CD_ROM|Any CPU
		Debug|Any CPU = Debug|Any CPU
		DVD-5|Any CPU = DVD-5|Any CPU
		Release|Any CPU = Release|Any CPU
		SingleImage|Any CPU = SingleImage|Any CPU
	EndGlobalSection
	GlobalSection(ProjectConfigurationPlatforms) = postSolution
		{964A609E-2E04-45E4-9CF6-DC520994BAB7}.CD_ROM|Any CPU.ActiveCfg = Release|Any CPU
		{964A609E-2E04-45E4-9CF6-DC520994BAB7}.CD_ROM|Any CPU.Build.0 = Release|Any CPU
		{964A609E-2E04-45E4-9CF6-DC520994BAB7}.Debug|Any CPU.ActiveCfg = Debug|Any CPU
		{964A609E-2E04-45E4-9CF6-DC520994BAB7}.Debug|Any CPU.Build.0 = Debug|Any CPU
		{964A609E-2E04-45E4-9CF6-DC520994BAB7}.DVD-5|Any CPU.ActiveCfg = Debug|Any CPU
		{964A609E-2E04-45E4-9CF6-DC520994BAB7}.DVD-5|Any CPU.Build.0 = Debug|Any CPU
		{964A609E-2E04-45E4-9CF6-DC520994BAB7}.Release|Any CPU.ActiveCfg = Release|Any CPU
		{964A609E-2E04-45E4-9CF6-DC520994BAB7}.Release|Any CPU.Build.0 = Release|Any CPU
		{964A609E-2E04-45E4-9CF6-DC520994BAB7}.SingleImage|Any CPU.ActiveCfg = Release|Any CPU
		{964A609E-2E04-45E4-9CF6-DC520994BAB7}.SingleImage|Any CPU.Build.0 = Release|Any CPU
		{11D8108B-ABB4-45AC-AF03-BF3633EC694E}.CD_ROM|Any CPU.ActiveCfg = Release|Any CPU
		{11D8108B-ABB4-45AC-AF03-BF3633EC694E}.CD_ROM|Any CPU.Build.0 = Release|Any CPU
		{11D8108B-ABB4-45AC-AF03-BF3633EC694E}.Debug|Any CPU.ActiveCfg = Debug|Any CPU
		{11D8108B-ABB4-45AC-AF03-BF3633EC694E}.Debug|Any CPU.Build.0 = Debug|Any CPU
		{11D8108B-ABB4-45AC-AF03-BF3633EC694E}.DVD-5|Any CPU.ActiveCfg = Debug|Any CPU
		{11D8108B-ABB4-45AC-AF03-BF3633EC694E}.DVD-5|Any CPU.Build.0 = Debug|Any CPU
		{11D8108B-ABB4-45AC-AF03-BF3633EC694E}.Release|Any CPU.ActiveCfg = Release|Any CPU
		{11D8108B-ABB4-45AC-AF03-BF3633EC694E}.Release|Any CPU.Build.0 = Release|Any CPU
		{11D8108B-ABB4-45AC-AF03-BF3633EC694E}.SingleImage|Any CPU.ActiveCfg = Release|Any CPU
		{11D8108B-ABB4-45AC-AF03-BF3633EC694E}.SingleImage|Any CPU.Build.0 = Release|Any CPU
		{F9CEDAF4-A2BF-4A57-9741-04D2B7BCDD41}.CD_ROM|Any CPU.ActiveCfg = Release|Any CPU
		{F9CEDAF4-A2BF-4A57-9741-04D2B7BCDD41}.CD_ROM|Any CPU.Build.0 = Release|Any CPU
		{F9CEDAF4-A2BF-4A57-9741-04D2B7BCDD41}.Debug|Any CPU.ActiveCfg = Debug|Any CPU
		{F9CEDAF4-A2BF-4A57-9741-04D2B7BCDD41}.Debug|Any CPU.Build.0 = Debug|Any CPU
		{F9CEDAF4-A2BF-4A57-9741-04D2B7BCDD41}.DVD-5|Any CPU.ActiveCfg = Debug|Any CPU
		{F9CEDAF4-A2BF-4A57-9741-04D2B7BCDD41}.DVD-5|Any CPU.Build.0 = Debug|Any CPU
		{F9CEDAF4-A2BF-4A57-9741-04D2B7BCDD41}.Release|Any CPU.ActiveCfg = Release|Any CPU
		{F9CEDAF4-A2BF-4A57-9741-04D2B7BCDD41}.Release|Any CPU.Build.0 = Release|Any CPU
		{F9CEDAF4-A2BF-4A57-9741-04D2B7BCDD41}.SingleImage|Any CPU.ActiveCfg = Release|Any CPU
		{F9CEDAF4-A2BF-4A57-9741-04D2B7BCDD41}.SingleImage|Any CPU.Build.0 = Release|Any CPU
		{834FFAF8-20CC-44DE-9316-7386A780442B}.CD_ROM|Any CPU.ActiveCfg = Release|Any CPU
		{834FFAF8-20CC-44DE-9316-7386A780442B}.CD_ROM|Any CPU.Build.0 = Release|Any CPU
		{834FFAF8-20CC-44DE-9316-7386A780442B}.Debug|Any CPU.ActiveCfg = Debug|Any CPU
		{834FFAF8-20CC-44DE-9316-7386A780442B}.Debug|Any CPU.Build.0 = Debug|Any CPU
		{834FFAF8-20CC-44DE-9316-7386A780442B}.DVD-5|Any CPU.ActiveCfg = Debug|Any CPU
		{834FFAF8-20CC-44DE-9316-7386A780442B}.DVD-5|Any CPU.Build.0 = Debug|Any CPU
		{834FFAF8-20CC-44DE-9316-7386A780442B}.Release|Any CPU.ActiveCfg = Release|Any CPU
		{834FFAF8-20CC-44DE-9316-7386A780442B}.Release|Any CPU.Build.0 = Release|Any CPU
		{834FFAF8-20CC-44DE-9316-7386A780442B}.SingleImage|Any CPU.ActiveCfg = Release|Any CPU
		{834FFAF8-20CC-44DE-9316-7386A780442B}.SingleImage|Any CPU.Build.0 = Release|Any CPU
		{72BE2B3A-8567-4276-97C8-4E2E8F986D1B}.CD_ROM|Any CPU.ActiveCfg = CD_ROM
		{72BE2B3A-8567-4276-97C8-4E2E8F986D1B}.CD_ROM|Any CPU.Build.0 = CD_ROM
		{72BE2B3A-8567-4276-97C8-4E2E8F986D1B}.Debug|Any CPU.ActiveCfg = SingleImage
		{72BE2B3A-8567-4276-97C8-4E2E8F986D1B}.Debug|Any CPU.Build.0 = SingleImage
		{72BE2B3A-8567-4276-97C8-4E2E8F986D1B}.DVD-5|Any CPU.ActiveCfg = DVD-5
		{72BE2B3A-8567-4276-97C8-4E2E8F986D1B}.DVD-5|Any CPU.Build.0 = DVD-5
		{72BE2B3A-8567-4276-97C8-4E2E8F986D1B}.Release|Any CPU.ActiveCfg = SingleImage
		{72BE2B3A-8567-4276-97C8-4E2E8F986D1B}.Release|Any CPU.Build.0 = SingleImage
		{72BE2B3A-8567-4276-97C8-4E2E8F986D1B}.SingleImage|Any CPU.ActiveCfg = SingleImage
		{72BE2B3A-8567-4276-97C8-4E2E8F986D1B}.SingleImage|Any CPU.Build.0 = SingleImage
	EndGlobalSection
	GlobalSection(SolutionProperties) = preSolution
		HideSolutionNode = FALSE
	EndGlobalSection
EndGlobal
